
Microsoft Visual Studio Solution File, Format Version 12.00
# Visual Studio Version 16
VisualStudioVersion = 16.0.29709.97
MinimumVisualStudioVersion = 10.0.40219.1
Project("{FAE04EC0-301F-11D3-BF4B-00C04F79EFBC}") = "Client1_0", "Client1_0\Client1_0.csproj", "{2DEE02C9-377D-433B-8410-B245A7F0382F}"
EndProject
Global
	GlobalSection(SolutionConfigurationPlatforms) = preSolution
		Debug|Any CPU = Debug|Any CPU
		Release|Any CPU = Release|Any CPU
	EndGlobalSection
	GlobalSection(ProjectConfigurationPlatforms) = postSolution
		{2DEE02C9-377D-433B-8410-B245A7F0382F}.Debug|Any CPU.ActiveCfg = Debug|Any CPU
		{2DEE02C9-377D-433B-8410-B245A7F0382F}.Debug|Any CPU.Build.0 = Debug|Any CPU
		{2DEE02C9-377D-433B-8410-B245A7F0382F}.Release|Any CPU.ActiveCfg = Release|Any CPU
		{2DEE02C9-377D-433B-8410-B245A7F0382F}.Release|Any CPU.Build.0 = Release|Any CPU
	EndGlobalSection
	GlobalSection(SolutionProperties) = preSolution
		HideSolutionNode = FALSE
	EndGlobalSection
	GlobalSection(ExtensibilityGlobals) = postSolution
		SolutionGuid = {3BD8FDAB-4011-4A63-90A1-2D7323D6BB04}
	EndGlobalSection
EndGlobal
